
Microsoft Visual Studio Solution File, Format Version 12.00
# Visual Studio Version 16
VisualStudioVersion = 16.0.31129.286
MinimumVisualStudioVersion = 10.0.40219.1
Project("{FAE04EC0-301F-11D3-BF4B-00C04F79EFBC}") = "BloodDonation", "BloodDonation.csproj", "{B6CE6B48-111B-4CFC-8905-310F265523CF}"
EndProject
Global
	GlobalSection(SolutionConfigurationPlatforms) = preSolution
		Debug|Any CPU = Debug|Any CPU
		Release|Any CPU = Release|Any CPU
	EndGlobalSection
	GlobalSection(ProjectConfigurationPlatforms) = postSolution
		{B6CE6B48-111B-4CFC-8905-310F265523CF}.Debug|Any CPU.ActiveCfg = Debug|Any CPU
		{B6CE6B48-111B-4CFC-8905-310F265523CF}.Debug|Any CPU.Build.0 = Debug|Any CPU
		{B6CE6B48-111B-4CFC-8905-310F265523CF}.Release|Any CPU.ActiveCfg = Release|Any CPU
		{B6CE6B48-111B-4CFC-8905-310F265523CF}.Release|Any CPU.Build.0 = Release|Any CPU
	EndGlobalSection
	GlobalSection(SolutionProperties) = preSolution
		HideSolutionNode = FALSE
	EndGlobalSection
	GlobalSection(ExtensibilityGlobals) = postSolution
		SolutionGuid = {3C619023-5529-4FAB-82E0-2130AD26F1A5}
	EndGlobalSection
EndGlobal
